// !$*UTF8*$!
{
	archiveVersion = 1;
	classes = {
	};
	objectVersion = 50;
	objects = {

/* Begin PBXBuildFile section */
		05ADA2FC24E2893900CE3C7D /* AppDelegate.swift in Sources */ = {isa = PBXBuildFile; fileRef = 05ADA2FB24E2893900CE3C7D /* AppDelegate.swift */; };
		05ADA2FE24E2893900CE3C7D /* SceneDelegate.swift in Sources */ = {isa = PBXBuildFile; fileRef = 05ADA2FD24E2893900CE3C7D /* SceneDelegate.swift */; };
		05ADA30024E2893900CE3C7D /* CategoriesVC.swift in Sources */ = {isa = PBXBuildFile; fileRef = 05ADA2FF24E2893900CE3C7D /* CategoriesVC.swift */; };
		05ADA30324E2893900CE3C7D /* Main.storyboard in Resources */ = {isa = PBXBuildFile; fileRef = 05ADA30124E2893900CE3C7D /* Main.storyboard */; };
		05ADA30524E2893D00CE3C7D /* Assets.xcassets in Resources */ = {isa = PBXBuildFile; fileRef = 05ADA30424E2893D00CE3C7D /* Assets.xcassets */; };
		05ADA30824E2893D00CE3C7D /* LaunchScreen.storyboard in Resources */ = {isa = PBXBuildFile; fileRef = 05ADA30624E2893D00CE3C7D /* LaunchScreen.storyboard */; };
		05ADA31324E28FD400CE3C7D /* CategoryCell.swift in Sources */ = {isa = PBXBuildFile; fileRef = 05ADA31224E28FD400CE3C7D /* CategoryCell.swift */; };
		05ADA31524E3DD4700CE3C7D /* Category.swift in Sources */ = {isa = PBXBuildFile; fileRef = 05ADA31424E3DD4700CE3C7D /* Category.swift */; };
		05ADA31824E3E0A100CE3C7D /* DataService.swift in Sources */ = {isa = PBXBuildFile; fileRef = 05ADA31724E3E0A100CE3C7D /* DataService.swift */; };
		05ADA31A24E532E100CE3C7D /* ProductCell.swift in Sources */ = {isa = PBXBuildFile; fileRef = 05ADA31924E532E100CE3C7D /* ProductCell.swift */; };
/* End PBXBuildFile section */

/* Begin PBXFileReference section */
		05ADA2F824E2893900CE3C7D /* Coder Swag.app */ = {isa = PBXFileReference; explicitFileType = wrapper.application; includeInIndex = 0; path = "Coder Swag.app"; sourceTree = BUILT_PRODUCTS_DIR; };
		05ADA2FB24E2893900CE3C7D /* AppDelegate.swift */ = {isa = PBXFileReference; lastKnownFileType = sourcecode.swift; path = AppDelegate.swift; sourceTree = "<group>"; };
		05ADA2FD24E2893900CE3C7D /* SceneDelegate.swift */ = {isa = PBXFileReference; lastKnownFileType = sourcecode.swift; path = SceneDelegate.swift; sourceTree = "<group>"; };
		05ADA2FF24E2893900CE3C7D /* CategoriesVC.swift */ = {isa = PBXFileReference; lastKnownFileType = sourcecode.swift; path = CategoriesVC.swift; sourceTree = "<group>"; };
		05ADA30224E2893900CE3C7D /* Base */ = {isa = PBXFileReference; lastKnownFileType = file.storyboard; name = Base; path = Base.lproj/Main.storyboard; sourceTree = "<group>"; };
		05ADA30424E2893D00CE3C7D /* Assets.xcassets */ = {isa = PBXFileReference; lastKnownFileType = folder.assetcatalog; path = Assets.xcassets; sourceTree = "<group>"; };
		05ADA30724E2893D00CE3C7D /* Base */ = {isa = PBXFileReference; lastKnownFileType = file.storyboard; name = Base; path = Base.lproj/LaunchScreen.storyboard; sourceTree = "<group>"; };
		05ADA30924E2893D00CE3C7D /* Info.plist */ = {isa = PBXFileReference; lastKnownFileType = text.plist.xml; path = Info.plist; sourceTree = "<group>"; };
		05ADA31224E28FD400CE3C7D /* CategoryCell.swift */ = {isa = PBXFileReference; lastKnownFileType = sourcecode.swift; path = CategoryCell.swift; sourceTree = "<group>"; };
		05ADA31424E3DD4700CE3C7D /* Category.swift */ = {isa = PBXFileReference; lastKnownFileType = sourcecode.swift; path = Category.swift; sourceTree = "<group>"; };
		05ADA31724E3E0A100CE3C7D /* DataService.swift */ = {isa = PBXFileReference; lastKnownFileType = sourcecode.swift; path = DataService.swift; sourceTree = "<group>"; };
		05ADA31924E532E100CE3C7D /* ProductCell.swift */ = {isa = PBXFileReference; lastKnownFileType = sourcecode.swift; path = ProductCell.swift; sourceTree = "<group>"; };
/* End PBXFileReference section */

/* Begin PBXFrameworksBuildPhase section */
		05ADA2F524E2893900CE3C7D /* Frameworks */ = {
			isa = PBXFrameworksBuildPhase;
			buildActionMask = 2147483647;
			files = (
			);
			runOnlyForDeploymentPostprocessing = 0;
		};
/* End PBXFrameworksBuildPhase section */

/* Begin PBXGroup section */
		05ADA2EF24E2893800CE3C7D = {
			isa = PBXGroup;
			children = (
				05ADA2FA24E2893900CE3C7D /* Coder Swag */,
				05ADA2F924E2893900CE3C7D /* Products */,
			);
			sourceTree = "<group>";
		};
		05ADA2F924E2893900CE3C7D /* Products */ = {
			isa = PBXGroup;
			children = (
				05ADA2F824E2893900CE3C7D /* Coder Swag.app */,
			);
			name = Products;
			sourceTree = "<group>";
		};
		05ADA2FA24E2893900CE3C7D /* Coder Swag */ = {
			isa = PBXGroup;
			children = (
				05ADA31624E3E08D00CE3C7D /* Services */,
				05ADA31124E28FB300CE3C7D /* View */,
				05ADA31024E28FAC00CE3C7D /* Controller */,
				05ADA30F24E28FA300CE3C7D /* Model */,
				05ADA2FB24E2893900CE3C7D /* AppDelegate.swift */,
				05ADA2FD24E2893900CE3C7D /* SceneDelegate.swift */,
				05ADA30124E2893900CE3C7D /* Main.storyboard */,
				05ADA30424E2893D00CE3C7D /* Assets.xcassets */,
				05ADA30624E2893D00CE3C7D /* LaunchScreen.storyboard */,
				05ADA30924E2893D00CE3C7D /* Info.plist */,
			);
			path = "Coder Swag";
			sourceTree = "<group>";
		};
		05ADA30F24E28FA300CE3C7D /* Model */ = {
			isa = PBXGroup;
			children = (
				05ADA31424E3DD4700CE3C7D /* Category.swift */,
			);
			path = Model;
			sourceTree = "<group>";
		};
		05ADA31024E28FAC00CE3C7D /* Controller */ = {
			isa = PBXGroup;
			children = (
				05ADA2FF24E2893900CE3C7D /* CategoriesVC.swift */,
			);
			path = Controller;
			sourceTree = "<group>";
		};
		05ADA31124E28FB300CE3C7D /* View */ = {
			isa = PBXGroup;
			children = (
				05ADA31224E28FD400CE3C7D /* CategoryCell.swift */,
				05ADA31924E532E100CE3C7D /* ProductCell.swift */,
			);
			path = View;
			sourceTree = "<group>";
		};
		05ADA31624E3E08D00CE3C7D /* Services */ = {
			isa = PBXGroup;
			children = (
				05ADA31724E3E0A100CE3C7D /* DataService.swift */,
			);
			path = Services;
			sourceTree = "<group>";
		};
/* End PBXGroup section */

/* Begin PBXNativeTarget section */
		05ADA2F724E2893900CE3C7D /* Coder Swag */ = {
			isa = PBXNativeTarget;
			buildConfigurationList = 05ADA30C24E2893D00CE3C7D /* Build configuration list for PBXNativeTarget "Coder Swag" */;
			buildPhases = (
				05ADA2F424E2893900CE3C7D /* Sources */,
				05ADA2F524E2893900CE3C7D /* Frameworks */,
				05ADA2F624E2893900CE3C7D /* Resources */,
			);
			buildRules = (
			);
			dependencies = (
			);
			name = "Coder Swag";
			productName = "Coder Swag";
			productReference = 05ADA2F824E2893900CE3C7D /* Coder Swag.app */;
			productType = "com.apple.product-type.application";
		};
/* End PBXNativeTarget section */

/* Begin PBXProject section */
		05ADA2F024E2893800CE3C7D /* Project object */ = {
			isa = PBXProject;
			attributes = {
				LastSwiftUpdateCheck = 1150;
				LastUpgradeCheck = 1150;
				ORGANIZATIONNAME = "Asset Ryskul";
				TargetAttributes = {
					05ADA2F724E2893900CE3C7D = {
						CreatedOnToolsVersion = 11.5;
					};
				};
			};
			buildConfigurationList = 05ADA2F324E2893800CE3C7D /* Build configuration list for PBXProject "Coder Swag" */;
			compatibilityVersion = "Xcode 9.3";
			developmentRegion = en;
			hasScannedForEncodings = 0;
			knownRegions = (
				en,
				Base,
			);
			mainGroup = 05ADA2EF24E2893800CE3C7D;
			productRefGroup = 05ADA2F924E2893900CE3C7D /* Products */;
			projectDirPath = "";
			projectRoot = "";
			targets = (
				05ADA2F724E2893900CE3C7D /* Coder Swag */,
			);
		};
/* End PBXProject section */

/* Begin PBXResourcesBuildPhase section */
		05ADA2F624E2893900CE3C7D /* Resources */ = {
			isa = PBXResourcesBuildPhase;
			buildActionMask = 2147483647;
			files = (
				05ADA30824E2893D00CE3C7D /* LaunchScreen.storyboard in Resources */,
				05ADA30524E2893D00CE3C7D /* Assets.xcassets in Resources */,
				05ADA30324E2893900CE3C7D /* Main.storyboard in Resources */,
			);
			runOnlyForDeploymentPostprocessing = 0;
		};
/* End PBXResourcesBuildPhase section */

/* Begin PBXSourcesBuildPhase section */
		05ADA2F424E2893900CE3C7D /* Sources */ = {
			isa = PBXSourcesBuildPhase;
			buildActionMask = 2147483647;
			files = (
				05ADA30024E2893900CE3C7D /* CategoriesVC.swift in Sources */,
				05ADA31524E3DD4700CE3C7D /* Category.swift in Sources */,
				05ADA2FC24E2893900CE3C7D /* AppDelegate.swift in Sources */,
				05ADA31824E3E0A100CE3C7D /* DataService.swift in Sources */,
				05ADA2FE24E2893900CE3C7D /* SceneDelegate.swift in Sources */,
				05ADA31A24E532E100CE3C7D /* ProductCell.swift in Sources */,
				05ADA31324E28FD400CE3C7D /* CategoryCell.swift in Sources */,
			);
			runOnlyForDeploymentPostprocessing = 0;
		};
/* End PBXSourcesBuildPhase section */

/* Begin PBXVariantGroup section */
		05ADA30124E2893900CE3C7D /* Main.storyboard */ = {
			isa = PBXVariantGroup;
			children = (
				05ADA30224E2893900CE3C7D /* Base */,
			);
			name = Main.storyboard;
			sourceTree = "<group>";
		};
		05ADA30624E2893D00CE3C7D /* LaunchScreen.storyboard */ = {
			isa = PBXVariantGroup;
			children = (
				05ADA30724E2893D00CE3C7D /* Base */,
			);
			name = LaunchScreen.storyboard;
			sourceTree = "<group>";
		};
/* End PBXVariantGroup section */

/* Begin XCBuildConfiguration section */
		05ADA30A24E2893D00CE3C7D /* Debug */ = {
			isa = XCBuildConfiguration;
			buildSettings = {
				ALWAYS_SEARCH_USER_PATHS = NO;
				CLANG_ANALYZER_NONNULL = YES;
				CLANG_ANALYZER_NUMBER_OBJECT_CONVERSION = YES_AGGRESSIVE;
				CLANG_CXX_LANGUAGE_STANDARD = "gnu++14";
				CLANG_CXX_LIBRARY = "libc++";
				CLANG_ENABLE_MODULES = YES;
				CLANG_ENABLE_OBJC_ARC = YES;
				CLANG_ENABLE_OBJC_WEAK = YES;
				CLANG_WARN_BLOCK_CAPTURE_AUTORELEASING = YES;
				CLANG_WARN_BOOL_CONVERSION = YES;
				CLANG_WARN_COMMA = YES;
				CLANG_WARN_CONSTANT_CONVERSION = YES;
				CLANG_WARN_DEPRECATED_OBJC_IMPLEMENTATIONS = YES;
				CLANG_WARN_DIRECT_OBJC_ISA_USAGE = YES_ERROR;
				CLANG_WARN_DOCUMENTATION_COMMENTS = YES;
				CLANG_WARN_EMPTY_BODY = YES;
				CLANG_WARN_ENUM_CONVERSION = YES;
				CLANG_WARN_INFINITE_RECURSION = YES;
				CLANG_WARN_INT_CONVERSION = YES;
				CLANG_WARN_NON_LITERAL_NULL_CONVERSION = YES;
				CLANG_WARN_OBJC_IMPLICIT_RETAIN_SELF = YES;
				CLANG_WARN_OBJC_LITERAL_CONVERSION = YES;
				CLANG_WARN_OBJC_ROOT_CLASS = YES_ERROR;
				CLANG_WARN_RANGE_LOOP_ANALYSIS = YES;
				CLANG_WARN_STRICT_PROTOTYPES = YES;
				CLANG_WARN_SUSPICIOUS_MOVE = YES;
				CLANG_WARN_UNGUARDED_AVAILABILITY = YES_AGGRESSIVE;
				CLANG_WARN_UNREACHABLE_CODE = YES;
				CLANG_WARN__DUPLICATE_METHOD_MATCH = YES;
				COPY_PHASE_STRIP = NO;
				DEBUG_INFORMATION_FORMAT = dwarf;
				ENABLE_STRICT_OBJC_MSGSEND = YES;
				ENABLE_TESTABILITY = YES;
				GCC_C_LANGUAGE_STANDARD = gnu11;
				GCC_DYNAMIC_NO_PIC = NO;
				GCC_NO_COMMON_BLOCKS = YES;
				GCC_OPTIMIZATION_LEVEL = 0;
				GCC_PREPROCESSOR_DEFINITIONS = (
					"DEBUG=1",
					"$(inherited)",
				);
				GCC_WARN_64_TO_32_BIT_CONVERSION = YES;
				GCC_WARN_ABOUT_RETURN_TYPE = YES_ERROR;
				GCC_WARN_UNDECLARED_SELECTOR = YES;
				GCC_WARN_UNINITIALIZED_AUTOS = YES_AGGRESSIVE;
				GCC_WARN_UNUSED_FUNCTION = YES;
				GCC_WARN_UNUSED_VARIABLE = YES;
				IPHONEOS_DEPLOYMENT_TARGET = 13.5;
				MTL_ENABLE_DEBUG_INFO = INCLUDE_SOURCE;
				MTL_FAST_MATH = YES;
				ONLY_ACTIVE_ARCH = YES;
				SDKROOT = iphoneos;
				SWIFT_ACTIVE_COMPILATION_CONDITIONS = DEBUG;
				SWIFT_OPTIMIZATION_LEVEL = "-Onone";
			};
			name = Debug;
		};
		05ADA30B24E2893D00CE3C7D /* Release */ = {
			isa = XCBuildConfiguration;
			buildSettings = {
				ALWAYS_SEARCH_USER_PATHS = NO;
				CLANG_ANALYZER_NONNULL = YES;
				CLANG_ANALYZER_NUMBER_OBJECT_CONVERSION = YES_AGGRESSIVE;
				CLANG_CXX_LANGUAGE_STANDARD = "gnu++14";
				CLANG_CXX_LIBRARY = "libc++";
				CLANG_ENABLE_MODULES = YES;
				CLANG_ENABLE_OBJC_ARC = YES;
				CLANG_ENABLE_OBJC_WEAK = YES;
				CLANG_WARN_BLOCK_CAPTURE_AUTORELEASING = YES;
				CLANG_WARN_BOOL_CONVERSION = YES;
				CLANG_WARN_COMMA = YES;
				CLANG_WARN_CONSTANT_CONVERSION = YES;
				CLANG_WARN_DEPRECATED_OBJC_IMPLEMENTATIONS = YES;
				CLANG_WARN_DIRECT_OBJC_ISA_USAGE = YES_ERROR;
				CLANG_WARN_DOCUMENTATION_COMMENTS = YES;
				CLANG_WARN_EMPTY_BODY = YES;
				CLANG_WARN_ENUM_CONVERSION = YES;
				CLANG_WARN_INFINITE_RECURSION = YES;
				CLANG_WARN_INT_CONVERSION = YES;
				CLANG_WARN_NON_LITERAL_NULL_CONVERSION = YES;
				CLANG_WARN_OBJC_IMPLICIT_RETAIN_SELF = YES;
				CLANG_WARN_OBJC_LITERAL_CONVERSION = YES;
				CLANG_WARN_OBJC_ROOT_CLASS = YES_ERROR;
				CLANG_WARN_RANGE_LOOP_ANALYSIS = YES;
				CLANG_WARN_STRICT_PROTOTYPES = YES;
				CLANG_WARN_SUSPICIOUS_MOVE = YES;
				CLANG_WARN_UNGUARDED_AVAILABILITY = YES_AGGRESSIVE;
				CLANG_WARN_UNREACHABLE_CODE = YES;
				CLANG_WARN__DUPLICATE_METHOD_MATCH = YES;
				COPY_PHASE_STRIP = NO;
				DEBUG_INFORMATION_FORMAT = "dwarf-with-dsym";
				ENABLE_NS_ASSERTIONS = NO;
				ENABLE_STRICT_OBJC_MSGSEND = YES;
				GCC_C_LANGUAGE_STANDARD = gnu11;
				GCC_NO_COMMON_BLOCKS = YES;
				GCC_WARN_64_TO_32_BIT_CONVERSION = YES;
				GCC_WARN_ABOUT_RETURN_TYPE = YES_ERROR;
				GCC_WARN_UNDECLARED_SELECTOR = YES;
				GCC_WARN_UNINITIALIZED_AUTOS = YES_AGGRESSIVE;
				GCC_WARN_UNUSED_FUNCTION = YES;
				GCC_WARN_UNUSED_VARIABLE = YES;
				IPHONEOS_DEPLOYMENT_TARGET = 13.5;
				MTL_ENABLE_DEBUG_INFO = NO;
				MTL_FAST_MATH = YES;
				SDKROOT = iphoneos;
				SWIFT_COMPILATION_MODE = wholemodule;
				SWIFT_OPTIMIZATION_LEVEL = "-O";
				VALIDATE_PRODUCT = YES;
			};
			name = Release;
		};
		05ADA30D24E2893D00CE3C7D /* Debug */ = {
			isa = XCBuildConfiguration;
			buildSettings = {
				ASSETCATALOG_COMPILER_APPICON_NAME = AppIcon;
				CODE_SIGN_STYLE = Automatic;
				DEVELOPMENT_TEAM = 8XL3CTDGG8;
				INFOPLIST_FILE = "Coder Swag/Info.plist";
				LD_RUNPATH_SEARCH_PATHS = (
					"$(inherited)",
					"@executable_path/Frameworks",
				);
				PRODUCT_BUNDLE_IDENTIFIER = "com.asset-ryskul.Coder-Swag";
				PRODUCT_NAME = "$(TARGET_NAME)";
				SWIFT_VERSION = 5.0;
				TARGETED_DEVICE_FAMILY = "1,2";
			};
			name = Debug;
		};
		05ADA30E24E2893D00CE3C7D /* Release */ = {
			isa = XCBuildConfiguration;
			buildSettings = {
				ASSETCATALOG_COMPILER_APPICON_NAME = AppIcon;
				CODE_SIGN_STYLE = Automatic;
				DEVELOPMENT_TEAM = 8XL3CTDGG8;
				INFOPLIST_FILE = "Coder Swag/Info.plist";
				LD_RUNPATH_SEARCH_PATHS = (
					"$(inherited)",
					"@executable_path/Frameworks",
				);
				PRODUCT_BUNDLE_IDENTIFIER = "com.asset-ryskul.Coder-Swag";
				PRODUCT_NAME = "$(TARGET_NAME)";
				SWIFT_VERSION = 5.0;
				TARGETED_DEVICE_FAMILY = "1,2";
			};
			name = Release;
		};
/* End XCBuildConfiguration section */

/* Begin XCConfigurationList section */
		05ADA2F324E2893800CE3C7D /* Build configuration list for PBXProject "Coder Swag" */ = {
			isa = XCConfigurationList;
			buildConfigurations = (
				05ADA30A24E2893D00CE3C7D /* Debug */,
				05ADA30B24E2893D00CE3C7D /* Release */,
			);
			defaultConfigurationIsVisible = 0;
			defaultConfigurationName = Release;
		};
		05ADA30C24E2893D00CE3C7D /* Build configuration list for PBXNativeTarget "Coder Swag" */ = {
			isa = XCConfigurationList;
			buildConfigurations = (
				05ADA30D24E2893D00CE3C7D /* Debug */,
				05ADA30E24E2893D00CE3C7D /* Release */,
			);
			defaultConfigurationIsVisible = 0;
			defaultConfigurationName = Release;
		};
/* End XCConfigurationList section */
	};
	rootObject = 05ADA2F024E2893800CE3C7D /* Project object */;
}
